
Microsoft Visual Studio Solution File, Format Version 12.00
# Visual Studio Version 17
VisualStudioVersion = 17.11.35327.3
MinimumVisualStudioVersion = 10.0.40219.1
Project("{9A19103F-16F7-4668-BE54-9A1E7A4F7556}") = "MyPodSync.Proxy", "MyPodSync.Proxy\MyPodSync.Proxy.csproj", "{16861B0E-4AF1-431A-B84B-24A720BB5767}"
EndProject
Project("{FAE04EC0-301F-11D3-BF4B-00C04F79EFBC}") = "MyPodSync.Sync", "MyPodSync.Sync\MyPodSync.Sync.csproj", "{EE281178-BB28-4460-BCA4-DE5126297177}"
EndProject
Global
	GlobalSection(SolutionConfigurationPlatforms) = preSolution
		Debug|Any CPU = Debug|Any CPU
		Release|Any CPU = Release|Any CPU
	EndGlobalSection
	GlobalSection(ProjectConfigurationPlatforms) = postSolution
		{16861B0E-4AF1-431A-B84B-24A720BB5767}.Debug|Any CPU.ActiveCfg = Debug|Any CPU
		{16861B0E-4AF1-431A-B84B-24A720BB5767}.Debug|Any CPU.Build.0 = Debug|Any CPU
		{16861B0E-4AF1-431A-B84B-24A720BB5767}.Release|Any CPU.ActiveCfg = Release|Any CPU
		{16861B0E-4AF1-431A-B84B-24A720BB5767}.Release|Any CPU.Build.0 = Release|Any CPU
		{EE281178-BB28-4460-BCA4-DE5126297177}.Debug|Any CPU.ActiveCfg = Debug|Any CPU
		{EE281178-BB28-4460-BCA4-DE5126297177}.Debug|Any CPU.Build.0 = Debug|Any CPU
		{EE281178-BB28-4460-BCA4-DE5126297177}.Release|Any CPU.ActiveCfg = Release|Any CPU
		{EE281178-BB28-4460-BCA4-DE5126297177}.Release|Any CPU.Build.0 = Release|Any CPU
	EndGlobalSection
	GlobalSection(SolutionProperties) = preSolution
		HideSolutionNode = FALSE
	EndGlobalSection
	GlobalSection(ExtensibilityGlobals) = postSolution
		SolutionGuid = {4BD7A099-B097-4E4E-9362-44761BB3A99D}
	EndGlobalSection
EndGlobal
